{
  "name": "5d345d9241984cde",
  "lockfileVersion": 3,
  "requires": true,
  "packages": {
    "": {
      "dependencies": {
        "create-next-app": "^14.2.16"
      }
    },
    "node_modules/create-next-app": {
      "version": "14.2.16",
      "resolved": "https://registry.npmjs.org/create-next-app/-/create-next-app-14.2.16.tgz",
      "integrity": "sha512-9cNkL6XgE9gSydavJytCkpw/Z4fq7IrSTddQ0WE5aHMhbOHu1d6GDViUw613Behrga9KPr/QWQvVxl3HDxAtBQ==",
      "license": "MIT",
      "bin": {
        "create-next-app": "dist/index.js"
      },
      "engines": {
        "node": ">=18.17.0"
      }
    }
  }
}
